// !$*UTF8*$!
{
	archiveVersion = 1;
	classes = {
	};
	objectVersion = 50;
	objects = {

/* Begin PBXBuildFile section */
		1F381C2220D83E310070B3CB /* CloudStorageTests.swift in Sources */ = {isa = PBXBuildFile; fileRef = 1F381C2120D83E310070B3CB /* CloudStorageTests.swift */; };
		1F381C3020D841630070B3CB /* CloudStorage.swift in Sources */ = {isa = PBXBuildFile; fileRef = 1F381C2E20D841630070B3CB /* CloudStorage.swift */; };
		1F381C3220D8434B0070B3CB /* S3.swift in Sources */ = {isa = PBXBuildFile; fileRef = 1F381C3120D8434B0070B3CB /* S3.swift */; };
		9AC0BED1BA33CABDD4314AFE /* Pods_CloudStorageTests.framework in Frameworks */ = {isa = PBXBuildFile; fileRef = 9B71E871D9F3082DA84CAF7A /* Pods_CloudStorageTests.framework */; };
/* End PBXBuildFile section */

/* Begin PBXFileReference section */
		1F381C1C20D83E310070B3CB /* CloudStorageTests.xctest */ = {isa = PBXFileReference; explicitFileType = wrapper.cfbundle; includeInIndex = 0; path = CloudStorageTests.xctest; sourceTree = BUILT_PRODUCTS_DIR; };
		1F381C2120D83E310070B3CB /* CloudStorageTests.swift */ = {isa = PBXFileReference; lastKnownFileType = sourcecode.swift; path = CloudStorageTests.swift; sourceTree = "<group>"; };
		1F381C2320D83E310070B3CB /* Info.plist */ = {isa = PBXFileReference; lastKnownFileType = text.plist.xml; path = Info.plist; sourceTree = "<group>"; };
		1F381C2E20D841630070B3CB /* CloudStorage.swift */ = {isa = PBXFileReference; lastKnownFileType = sourcecode.swift; path = CloudStorage.swift; sourceTree = "<group>"; };
		1F381C3120D8434B0070B3CB /* S3.swift */ = {isa = PBXFileReference; lastKnownFileType = sourcecode.swift; path = S3.swift; sourceTree = "<group>"; };
		9149A218132D46030924CFCE /* Pods-CloudStorageTests.debug.xcconfig */ = {isa = PBXFileReference; includeInIndex = 1; lastKnownFileType = text.xcconfig; name = "Pods-CloudStorageTests.debug.xcconfig"; path = "Pods/Target Support Files/Pods-CloudStorageTests/Pods-CloudStorageTests.debug.xcconfig"; sourceTree = "<group>"; };
		93D0747080F588469EB00E6C /* Pods-CloudStorageTests.release.xcconfig */ = {isa = PBXFileReference; includeInIndex = 1; lastKnownFileType = text.xcconfig; name = "Pods-CloudStorageTests.release.xcconfig"; path = "Pods/Target Support Files/Pods-CloudStorageTests/Pods-CloudStorageTests.release.xcconfig"; sourceTree = "<group>"; };
		9B71E871D9F3082DA84CAF7A /* Pods_CloudStorageTests.framework */ = {isa = PBXFileReference; explicitFileType = wrapper.framework; includeInIndex = 0; path = Pods_CloudStorageTests.framework; sourceTree = BUILT_PRODUCTS_DIR; };
/* End PBXFileReference section */

/* Begin PBXFrameworksBuildPhase section */
		1F381C1920D83E310070B3CB /* Frameworks */ = {
			isa = PBXFrameworksBuildPhase;
			buildActionMask = 2147483647;
			files = (
				9AC0BED1BA33CABDD4314AFE /* Pods_CloudStorageTests.framework in Frameworks */,
			);
			runOnlyForDeploymentPostprocessing = 0;
		};
/* End PBXFrameworksBuildPhase section */

/* Begin PBXGroup section */
		1F381C0920D83E310070B3CB = {
			isa = PBXGroup;
			children = (
				1F381C2D20D83E7B0070B3CB /* Sources */,
				1F381C2020D83E310070B3CB /* CloudStorageTests */,
				1F381C1420D83E310070B3CB /* Products */,
				4B3369EE2E51524FE68F6C1D /* Pods */,
				5DF461425DD228619641DCC1 /* Frameworks */,
			);
			sourceTree = "<group>";
		};
		1F381C1420D83E310070B3CB /* Products */ = {
			isa = PBXGroup;
			children = (
				1F381C1C20D83E310070B3CB /* CloudStorageTests.xctest */,
			);
			name = Products;
			sourceTree = "<group>";
		};
		1F381C2020D83E310070B3CB /* CloudStorageTests */ = {
			isa = PBXGroup;
			children = (
				1F381C2120D83E310070B3CB /* CloudStorageTests.swift */,
				1F381C2320D83E310070B3CB /* Info.plist */,
			);
			path = CloudStorageTests;
			sourceTree = "<group>";
		};
		1F381C2D20D83E7B0070B3CB /* Sources */ = {
			isa = PBXGroup;
			children = (
				1F381C2E20D841630070B3CB /* CloudStorage.swift */,
				1F381C3120D8434B0070B3CB /* S3.swift */,
			);
			path = Sources;
			sourceTree = "<group>";
		};
		4B3369EE2E51524FE68F6C1D /* Pods */ = {
			isa = PBXGroup;
			children = (
				9149A218132D46030924CFCE /* Pods-CloudStorageTests.debug.xcconfig */,
				93D0747080F588469EB00E6C /* Pods-CloudStorageTests.release.xcconfig */,
			);
			name = Pods;
			sourceTree = "<group>";
		};
		5DF461425DD228619641DCC1 /* Frameworks */ = {
			isa = PBXGroup;
			children = (
				9B71E871D9F3082DA84CAF7A /* Pods_CloudStorageTests.framework */,
			);
			name = Frameworks;
			sourceTree = "<group>";
		};
/* End PBXGroup section */

/* Begin PBXNativeTarget section */
		1F381C1B20D83E310070B3CB /* CloudStorageTests */ = {
			isa = PBXNativeTarget;
			buildConfigurationList = 1F381C2A20D83E310070B3CB /* Build configuration list for PBXNativeTarget "CloudStorageTests" */;
			buildPhases = (
				4EE6AD0F8161E18AC0271C03 /* [CP] Check Pods Manifest.lock */,
				1F381C1820D83E310070B3CB /* Sources */,
				1F381C1920D83E310070B3CB /* Frameworks */,
				1F381C1A20D83E310070B3CB /* Resources */,
				B361C3A116519D557F8C26A5 /* [CP] Embed Pods Frameworks */,
				BA4800B1234463E6A9DD96AA /* [CP] Copy Pods Resources */,
			);
			buildRules = (
			);
			dependencies = (
			);
			name = CloudStorageTests;
			productName = CloudStorageTests;
			productReference = 1F381C1C20D83E310070B3CB /* CloudStorageTests.xctest */;
			productType = "com.apple.product-type.bundle.unit-test";
		};
/* End PBXNativeTarget section */

/* Begin PBXProject section */
		1F381C0A20D83E310070B3CB /* Project object */ = {
			isa = PBXProject;
			attributes = {
				LastSwiftUpdateCheck = 0930;
				LastUpgradeCheck = 0930;
				ORGANIZATIONNAME = lcl;
				TargetAttributes = {
					1F381C1B20D83E310070B3CB = {
						CreatedOnToolsVersion = 9.3;
					};
				};
			};
			buildConfigurationList = 1F381C0D20D83E310070B3CB /* Build configuration list for PBXProject "CloudStorage" */;
			compatibilityVersion = "Xcode 9.3";
			developmentRegion = en;
			hasScannedForEncodings = 0;
			knownRegions = (
				en,
			);
			mainGroup = 1F381C0920D83E310070B3CB;
			productRefGroup = 1F381C1420D83E310070B3CB /* Products */;
			projectDirPath = "";
			projectRoot = "";
			targets = (
				1F381C1B20D83E310070B3CB /* CloudStorageTests */,
			);
		};
/* End PBXProject section */

/* Begin PBXResourcesBuildPhase section */
		1F381C1A20D83E310070B3CB /* Resources */ = {
			isa = PBXResourcesBuildPhase;
			buildActionMask = 2147483647;
			files = (
			);
			runOnlyForDeploymentPostprocessing = 0;
		};
/* End PBXResourcesBuildPhase section */

/* Begin PBXShellScriptBuildPhase section */
		4EE6AD0F8161E18AC0271C03 /* [CP] Check Pods Manifest.lock */ = {
			isa = PBXShellScriptBuildPhase;
			buildActionMask = 2147483647;
			files = (
			);
			inputPaths = (
				"${PODS_PODFILE_DIR_PATH}/Podfile.lock",
				"${PODS_ROOT}/Manifest.lock",
			);
			name = "[CP] Check Pods Manifest.lock";
			outputPaths = (
				"$(DERIVED_FILE_DIR)/Pods-CloudStorageTests-checkManifestLockResult.txt",
			);
			runOnlyForDeploymentPostprocessing = 0;
			shellPath = /bin/sh;
			shellScript = "diff \"${PODS_PODFILE_DIR_PATH}/Podfile.lock\" \"${PODS_ROOT}/Manifest.lock\" > /dev/null\nif [ $? != 0 ] ; then\n    # print error to STDERR\n    echo \"error: The sandbox is not in sync with the Podfile.lock. Run 'pod install' or update your CocoaPods installation.\" >&2\n    exit 1\nfi\n# This output is used by Xcode 'outputs' to avoid re-running this script phase.\necho \"SUCCESS\" > \"${SCRIPT_OUTPUT_FILE_0}\"\n";
			showEnvVarsInLog = 0;
		};
		B361C3A116519D557F8C26A5 /* [CP] Embed Pods Frameworks */ = {
			isa = PBXShellScriptBuildPhase;
			buildActionMask = 2147483647;
			files = (
			);
			inputPaths = (
				"${SRCROOT}/Pods/Target Support Files/Pods-CloudStorageTests/Pods-CloudStorageTests-frameworks.sh",
				"${BUILT_PRODUCTS_DIR}/AWSCognito/AWSCognito.framework",
				"${BUILT_PRODUCTS_DIR}/AWSCore/AWSCore.framework",
				"${BUILT_PRODUCTS_DIR}/AWSS3/AWSS3.framework",
			);
			name = "[CP] Embed Pods Frameworks";
			outputPaths = (
				"${TARGET_BUILD_DIR}/${FRAMEWORKS_FOLDER_PATH}/AWSCognito.framework",
				"${TARGET_BUILD_DIR}/${FRAMEWORKS_FOLDER_PATH}/AWSCore.framework",
				"${TARGET_BUILD_DIR}/${FRAMEWORKS_FOLDER_PATH}/AWSS3.framework",
			);
			runOnlyForDeploymentPostprocessing = 0;
			shellPath = /bin/sh;
			shellScript = "\"${SRCROOT}/Pods/Target Support Files/Pods-CloudStorageTests/Pods-CloudStorageTests-frameworks.sh\"\n";
			showEnvVarsInLog = 0;
		};
		BA4800B1234463E6A9DD96AA /* [CP] Copy Pods Resources */ = {
			isa = PBXShellScriptBuildPhase;
			buildActionMask = 2147483647;
			files = (
			);
			inputPaths = (
			);
			name = "[CP] Copy Pods Resources";
			outputPaths = (
			);
			runOnlyForDeploymentPostprocessing = 0;
			shellPath = /bin/sh;
			shellScript = "\"${SRCROOT}/Pods/Target Support Files/Pods-CloudStorageTests/Pods-CloudStorageTests-resources.sh\"\n";
			showEnvVarsInLog = 0;
		};
/* End PBXShellScriptBuildPhase section */

/* Begin PBXSourcesBuildPhase section */
		1F381C1820D83E310070B3CB /* Sources */ = {
			isa = PBXSourcesBuildPhase;
			buildActionMask = 2147483647;
			files = (
				1F381C2220D83E310070B3CB /* CloudStorageTests.swift in Sources */,
				1F381C3020D841630070B3CB /* CloudStorage.swift in Sources */,
				1F381C3220D8434B0070B3CB /* S3.swift in Sources */,
			);
			runOnlyForDeploymentPostprocessing = 0;
		};
/* End PBXSourcesBuildPhase section */

/* Begin XCBuildConfiguration section */
		1F381C2520D83E310070B3CB /* Debug */ = {
			isa = XCBuildConfiguration;
			buildSettings = {
				ALWAYS_SEARCH_USER_PATHS = NO;
				CLANG_ANALYZER_NONNULL = YES;
				CLANG_ANALYZER_NUMBER_OBJECT_CONVERSION = YES_AGGRESSIVE;
				CLANG_CXX_LANGUAGE_STANDARD = "gnu++14";
				CLANG_CXX_LIBRARY = "libc++";
				CLANG_ENABLE_MODULES = YES;
				CLANG_ENABLE_OBJC_ARC = YES;
				CLANG_ENABLE_OBJC_WEAK = YES;
				CLANG_WARN_BLOCK_CAPTURE_AUTORELEASING = YES;
				CLANG_WARN_BOOL_CONVERSION = YES;
				CLANG_WARN_COMMA = YES;
				CLANG_WARN_CONSTANT_CONVERSION = YES;
				CLANG_WARN_DEPRECATED_OBJC_IMPLEMENTATIONS = YES;
				CLANG_WARN_DIRECT_OBJC_ISA_USAGE = YES_ERROR;
				CLANG_WARN_DOCUMENTATION_COMMENTS = YES;
				CLANG_WARN_EMPTY_BODY = YES;
				CLANG_WARN_ENUM_CONVERSION = YES;
				CLANG_WARN_INFINITE_RECURSION = YES;
				CLANG_WARN_INT_CONVERSION = YES;
				CLANG_WARN_NON_LITERAL_NULL_CONVERSION = YES;
				CLANG_WARN_OBJC_IMPLICIT_RETAIN_SELF = YES;
				CLANG_WARN_OBJC_LITERAL_CONVERSION = YES;
				CLANG_WARN_OBJC_ROOT_CLASS = YES_ERROR;
				CLANG_WARN_RANGE_LOOP_ANALYSIS = YES;
				CLANG_WARN_STRICT_PROTOTYPES = YES;
				CLANG_WARN_SUSPICIOUS_MOVE = YES;
				CLANG_WARN_UNGUARDED_AVAILABILITY = YES_AGGRESSIVE;
				CLANG_WARN_UNREACHABLE_CODE = YES;
				CLANG_WARN__DUPLICATE_METHOD_MATCH = YES;
				CODE_SIGN_IDENTITY = "iPhone Developer";
				COPY_PHASE_STRIP = NO;
				CURRENT_PROJECT_VERSION = 1;
				DEBUG_INFORMATION_FORMAT = dwarf;
				ENABLE_STRICT_OBJC_MSGSEND = YES;
				ENABLE_TESTABILITY = YES;
				GCC_C_LANGUAGE_STANDARD = gnu11;
				GCC_DYNAMIC_NO_PIC = NO;
				GCC_NO_COMMON_BLOCKS = YES;
				GCC_OPTIMIZATION_LEVEL = 0;
				GCC_PREPROCESSOR_DEFINITIONS = (
					"DEBUG=1",
					"$(inherited)",
				);
				GCC_WARN_64_TO_32_BIT_CONVERSION = YES;
				GCC_WARN_ABOUT_RETURN_TYPE = YES_ERROR;
				GCC_WARN_UNDECLARED_SELECTOR = YES;
				GCC_WARN_UNINITIALIZED_AUTOS = YES_AGGRESSIVE;
				GCC_WARN_UNUSED_FUNCTION = YES;
				GCC_WARN_UNUSED_VARIABLE = YES;
				IPHONEOS_DEPLOYMENT_TARGET = 11.3;
				MTL_ENABLE_DEBUG_INFO = YES;
				ONLY_ACTIVE_ARCH = YES;
				SDKROOT = iphoneos;
				SWIFT_ACTIVE_COMPILATION_CONDITIONS = DEBUG;
				SWIFT_OPTIMIZATION_LEVEL = "-Onone";
				VERSIONING_SYSTEM = "apple-generic";
				VERSION_INFO_PREFIX = "";
			};
			name = Debug;
		};
		1F381C2620D83E310070B3CB /* Release */ = {
			isa = XCBuildConfiguration;
			buildSettings = {
				ALWAYS_SEARCH_USER_PATHS = NO;
				CLANG_ANALYZER_NONNULL = YES;
				CLANG_ANALYZER_NUMBER_OBJECT_CONVERSION = YES_AGGRESSIVE;
				CLANG_CXX_LANGUAGE_STANDARD = "gnu++14";
				CLANG_CXX_LIBRARY = "libc++";
				CLANG_ENABLE_MODULES = YES;
				CLANG_ENABLE_OBJC_ARC = YES;
				CLANG_ENABLE_OBJC_WEAK = YES;
				CLANG_WARN_BLOCK_CAPTURE_AUTORELEASING = YES;
				CLANG_WARN_BOOL_CONVERSION = YES;
				CLANG_WARN_COMMA = YES;
				CLANG_WARN_CONSTANT_CONVERSION = YES;
				CLANG_WARN_DEPRECATED_OBJC_IMPLEMENTATIONS = YES;
				CLANG_WARN_DIRECT_OBJC_ISA_USAGE = YES_ERROR;
				CLANG_WARN_DOCUMENTATION_COMMENTS = YES;
				CLANG_WARN_EMPTY_BODY = YES;
				CLANG_WARN_ENUM_CONVERSION = YES;
				CLANG_WARN_INFINITE_RECURSION = YES;
				CLANG_WARN_INT_CONVERSION = YES;
				CLANG_WARN_NON_LITERAL_NULL_CONVERSION = YES;
				CLANG_WARN_OBJC_IMPLICIT_RETAIN_SELF = YES;
				CLANG_WARN_OBJC_LITERAL_CONVERSION = YES;
				CLANG_WARN_OBJC_ROOT_CLASS = YES_ERROR;
				CLANG_WARN_RANGE_LOOP_ANALYSIS = YES;
				CLANG_WARN_STRICT_PROTOTYPES = YES;
				CLANG_WARN_SUSPICIOUS_MOVE = YES;
				CLANG_WARN_UNGUARDED_AVAILABILITY = YES_AGGRESSIVE;
				CLANG_WARN_UNREACHABLE_CODE = YES;
				CLANG_WARN__DUPLICATE_METHOD_MATCH = YES;
				CODE_SIGN_IDENTITY = "iPhone Developer";
				COPY_PHASE_STRIP = NO;
				CURRENT_PROJECT_VERSION = 1;
				DEBUG_INFORMATION_FORMAT = "dwarf-with-dsym";
				ENABLE_NS_ASSERTIONS = NO;
				ENABLE_STRICT_OBJC_MSGSEND = YES;
				GCC_C_LANGUAGE_STANDARD = gnu11;
				GCC_NO_COMMON_BLOCKS = YES;
				GCC_WARN_64_TO_32_BIT_CONVERSION = YES;
				GCC_WARN_ABOUT_RETURN_TYPE = YES_ERROR;
				GCC_WARN_UNDECLARED_SELECTOR = YES;
				GCC_WARN_UNINITIALIZED_AUTOS = YES_AGGRESSIVE;
				GCC_WARN_UNUSED_FUNCTION = YES;
				GCC_WARN_UNUSED_VARIABLE = YES;
				IPHONEOS_DEPLOYMENT_TARGET = 11.3;
				MTL_ENABLE_DEBUG_INFO = NO;
				SDKROOT = iphoneos;
				SWIFT_COMPILATION_MODE = wholemodule;
				SWIFT_OPTIMIZATION_LEVEL = "-O";
				VALIDATE_PRODUCT = YES;
				VERSIONING_SYSTEM = "apple-generic";
				VERSION_INFO_PREFIX = "";
			};
			name = Release;
		};
		1F381C2B20D83E310070B3CB /* Debug */ = {
			isa = XCBuildConfiguration;
			baseConfigurationReference = 9149A218132D46030924CFCE /* Pods-CloudStorageTests.debug.xcconfig */;
			buildSettings = {
				ALWAYS_EMBED_SWIFT_STANDARD_LIBRARIES = YES;
				CODE_SIGN_STYLE = Automatic;
				INFOPLIST_FILE = CloudStorageTests/Info.plist;
				LD_RUNPATH_SEARCH_PATHS = (
					"$(inherited)",
					"@executable_path/Frameworks",
					"@loader_path/Frameworks",
				);
				PRODUCT_BUNDLE_IDENTIFIER = lc.CloudStorageTests;
				PRODUCT_NAME = "$(TARGET_NAME)";
				SWIFT_VERSION = 4.0;
				TARGETED_DEVICE_FAMILY = "1,2";
			};
			name = Debug;
		};
		1F381C2C20D83E310070B3CB /* Release */ = {
			isa = XCBuildConfiguration;
			baseConfigurationReference = 93D0747080F588469EB00E6C /* Pods-CloudStorageTests.release.xcconfig */;
			buildSettings = {
				ALWAYS_EMBED_SWIFT_STANDARD_LIBRARIES = YES;
				CODE_SIGN_STYLE = Automatic;
				INFOPLIST_FILE = CloudStorageTests/Info.plist;
				LD_RUNPATH_SEARCH_PATHS = (
					"$(inherited)",
					"@executable_path/Frameworks",
					"@loader_path/Frameworks",
				);
				PRODUCT_BUNDLE_IDENTIFIER = lc.CloudStorageTests;
				PRODUCT_NAME = "$(TARGET_NAME)";
				SWIFT_VERSION = 4.0;
				TARGETED_DEVICE_FAMILY = "1,2";
			};
			name = Release;
		};
/* End XCBuildConfiguration section */

/* Begin XCConfigurationList section */
		1F381C0D20D83E310070B3CB /* Build configuration list for PBXProject "CloudStorage" */ = {
			isa = XCConfigurationList;
			buildConfigurations = (
				1F381C2520D83E310070B3CB /* Debug */,
				1F381C2620D83E310070B3CB /* Release */,
			);
			defaultConfigurationIsVisible = 0;
			defaultConfigurationName = Release;
		};
		1F381C2A20D83E310070B3CB /* Build configuration list for PBXNativeTarget "CloudStorageTests" */ = {
			isa = XCConfigurationList;
			buildConfigurations = (
				1F381C2B20D83E310070B3CB /* Debug */,
				1F381C2C20D83E310070B3CB /* Release */,
			);
			defaultConfigurationIsVisible = 0;
			defaultConfigurationName = Release;
		};
/* End XCConfigurationList section */
	};
	rootObject = 1F381C0A20D83E310070B3CB /* Project object */;
}
